
Microsoft Visual Studio Solution File, Format Version 12.00
# Visual Studio Version 17
VisualStudioVersion = 17.3.32929.385
MinimumVisualStudioVersion = 10.0.40219.1
Project("{FAE04EC0-301F-11D3-BF4B-00C04F79EFBC}") = "MagicVilla_VillaAPI", "MagicVilla_VillaAPI\MagicVilla_VillaAPI.csproj", "{BA9589CF-2B7F-422E-9F0D-C2D3CC0D7C97}"
EndProject
Global
	GlobalSection(SolutionConfigurationPlatforms) = preSolution
		Debug|Any CPU = Debug|Any CPU
		Release|Any CPU = Release|Any CPU
	EndGlobalSection
	GlobalSection(ProjectConfigurationPlatforms) = postSolution
		{BA9589CF-2B7F-422E-9F0D-C2D3CC0D7C97}.Debug|Any CPU.ActiveCfg = Debug|Any CPU
		{BA9589CF-2B7F-422E-9F0D-C2D3CC0D7C97}.Debug|Any CPU.Build.0 = Debug|Any CPU
		{BA9589CF-2B7F-422E-9F0D-C2D3CC0D7C97}.Release|Any CPU.ActiveCfg = Release|Any CPU
		{BA9589CF-2B7F-422E-9F0D-C2D3CC0D7C97}.Release|Any CPU.Build.0 = Release|Any CPU
	EndGlobalSection
	GlobalSection(SolutionProperties) = preSolution
		HideSolutionNode = FALSE
	EndGlobalSection
	GlobalSection(ExtensibilityGlobals) = postSolution
		SolutionGuid = {AA05E82E-1287-4724-B9B6-8CF3A3B8A1A8}
	EndGlobalSection
EndGlobal
