{
  "name": "MagicVilla",
  "lockfileVersion": 2,
  "requires": true,
  "packages": {
    "": {
      "dependencies": {
        "sweetalert2": "^11.6.7"
      }
    },
    "node_modules/sweetalert2": {
      "version": "11.6.7",
      "resolved": "https://registry.npmjs.org/sweetalert2/-/sweetalert2-11.6.7.tgz",
      "integrity": "sha512-nbsmUtfTodJvZ873sn61U0brrHtn8xi8wfn+bVVc9IV05fgOdDMhAhdQ2zQJBYsvggbbp46ZFHMr0/fZJnZPtQ==",
      "funding": {
        "type": "individual",
        "url": "https://github.com/sponsors/limonte"
      }
    }
  },
  "dependencies": {
    "sweetalert2": {
      "version": "11.6.7",
      "resolved": "https://registry.npmjs.org/sweetalert2/-/sweetalert2-11.6.7.tgz",
      "integrity": "sha512-nbsmUtfTodJvZ873sn61U0brrHtn8xi8wfn+bVVc9IV05fgOdDMhAhdQ2zQJBYsvggbbp46ZFHMr0/fZJnZPtQ=="
    }
  }
}
